
Microsoft Visual Studio Solution File, Format Version 11.00
# Visual Studio 2010
Project("{FAE04EC0-301F-11D3-BF4B-00C04F79EFBC}") = "TestAppXamarin", "TestAppXamarin\TestAppXamarin.csproj", "{DA7B9C42-BB4E-46EA-B519-9EDF2D1A2FB4}"
EndProject
Project("{FAE04EC0-301F-11D3-BF4B-00C04F79EFBC}") = "TestAppBinding", "TestAppBinding\TestAppBinding.csproj", "{36970685-340C-4240-8FB7-6137A13E1533}"
EndProject
Global
	GlobalSection(SolutionConfigurationPlatforms) = preSolution
		Debug|iPhoneSimulator = Debug|iPhoneSimulator
		Release|iPhoneSimulator = Release|iPhoneSimulator
		Debug|iPhone = Debug|iPhone
		Release|iPhone = Release|iPhone
		Ad-Hoc|iPhone = Ad-Hoc|iPhone
		AppStore|iPhone = AppStore|iPhone
	EndGlobalSection
	GlobalSection(ProjectConfigurationPlatforms) = postSolution
		{36970685-340C-4240-8FB7-6137A13E1533}.Ad-Hoc|iPhone.ActiveCfg = Release|Any CPU
		{36970685-340C-4240-8FB7-6137A13E1533}.Ad-Hoc|iPhone.Build.0 = Release|Any CPU
		{36970685-340C-4240-8FB7-6137A13E1533}.AppStore|iPhone.ActiveCfg = Release|Any CPU
		{36970685-340C-4240-8FB7-6137A13E1533}.AppStore|iPhone.Build.0 = Release|Any CPU
		{36970685-340C-4240-8FB7-6137A13E1533}.Debug|iPhone.ActiveCfg = Debug|Any CPU
		{36970685-340C-4240-8FB7-6137A13E1533}.Debug|iPhone.Build.0 = Debug|Any CPU
		{36970685-340C-4240-8FB7-6137A13E1533}.Debug|iPhoneSimulator.ActiveCfg = Debug|Any CPU
		{36970685-340C-4240-8FB7-6137A13E1533}.Debug|iPhoneSimulator.Build.0 = Debug|Any CPU
		{36970685-340C-4240-8FB7-6137A13E1533}.Release|iPhone.ActiveCfg = Release|Any CPU
		{36970685-340C-4240-8FB7-6137A13E1533}.Release|iPhone.Build.0 = Release|Any CPU
		{36970685-340C-4240-8FB7-6137A13E1533}.Release|iPhoneSimulator.ActiveCfg = Release|Any CPU
		{36970685-340C-4240-8FB7-6137A13E1533}.Release|iPhoneSimulator.Build.0 = Release|Any CPU
		{DA7B9C42-BB4E-46EA-B519-9EDF2D1A2FB4}.Ad-Hoc|iPhone.ActiveCfg = Ad-Hoc|iPhone
		{DA7B9C42-BB4E-46EA-B519-9EDF2D1A2FB4}.Ad-Hoc|iPhone.Build.0 = Ad-Hoc|iPhone
		{DA7B9C42-BB4E-46EA-B519-9EDF2D1A2FB4}.AppStore|iPhone.ActiveCfg = AppStore|iPhone
		{DA7B9C42-BB4E-46EA-B519-9EDF2D1A2FB4}.AppStore|iPhone.Build.0 = AppStore|iPhone
		{DA7B9C42-BB4E-46EA-B519-9EDF2D1A2FB4}.Debug|iPhone.ActiveCfg = Debug|iPhone
		{DA7B9C42-BB4E-46EA-B519-9EDF2D1A2FB4}.Debug|iPhone.Build.0 = Debug|iPhone
		{DA7B9C42-BB4E-46EA-B519-9EDF2D1A2FB4}.Debug|iPhoneSimulator.ActiveCfg = Debug|iPhoneSimulator
		{DA7B9C42-BB4E-46EA-B519-9EDF2D1A2FB4}.Debug|iPhoneSimulator.Build.0 = Debug|iPhoneSimulator
		{DA7B9C42-BB4E-46EA-B519-9EDF2D1A2FB4}.Release|iPhone.ActiveCfg = Release|iPhone
		{DA7B9C42-BB4E-46EA-B519-9EDF2D1A2FB4}.Release|iPhone.Build.0 = Release|iPhone
		{DA7B9C42-BB4E-46EA-B519-9EDF2D1A2FB4}.Release|iPhoneSimulator.ActiveCfg = Release|iPhoneSimulator
		{DA7B9C42-BB4E-46EA-B519-9EDF2D1A2FB4}.Release|iPhoneSimulator.Build.0 = Release|iPhoneSimulator
	EndGlobalSection
	GlobalSection(MonoDevelopProperties) = preSolution
		StartupItem = TestAppXamarin\TestAppXamarin.csproj
	EndGlobalSection
EndGlobal
